# Generated by pub
# See http://pub.dartlang.org/doc/glossary.html#lockfile
packages:
  analyzer:
    description: analyzer
    source: hosted
    version: "0.10.0"
  analyzer_experimental:
    description: analyzer_experimental
    source: hosted
    version: "0.8.6"
  angular:
    description: angular
    source: hosted
    version: "0.9.0"
  args:
    description: args
    source: hosted
    version: "0.8.10+3"
  browser:
    description: browser
    source: hosted
    version: "0.8.10+3"
  bson:
    description: bson
    source: hosted
    version: "0.1.15"
  crypto:
    description: crypto
    source: hosted
    version: "0.8.10+3"
  di:
    description: di
    source: hosted
    version: "0.0.24"
  html5lib:
    description: html5lib
    source: hosted
    version: "0.8.10+3"
  intl:
    description: intl
    source: hosted
    version: "0.8.10+3"
  js:
    description: js
    source: hosted
    version: "0.1.0"
  json:
    description: json
    source: hosted
    version: "0.8.10+3"
  logging:
    description: logging
    source: hosted
    version: "0.8.10+3"
  meta:
    description: meta
    source: hosted
    version: "0.8.8"
  mongo_dart:
    description: mongo_dart
    source: hosted
    version: "0.1.34"
  mongo_dart_query:
    description: mongo_dart_query
    source: hosted
    version: "0.1.11"
  muse_core:
    description:
      path: "../Muse/MuseCore"
      relative: true
    source: path
    version: "0.0.0"
  muse_http_controller:
    description:
      path: "../Muse/MuseHttpController"
      relative: true
    source: path
    version: "0.0.0"
  muse_mongo_repo:
    description:
      path: "../Muse/MuseMongoRepo"
      relative: true
    source: path
    version: "0.0.0"
  mustache:
    description: mustache
    source: hosted
    version: "0.1.6"
  path:
    description: path
    source: hosted
    version: "0.8.10+3"
  perf_api:
    description: perf_api
    source: hosted
    version: "0.0.8"
  route_hierarchical:
    description: route_hierarchical
    source: hosted
    version: "0.4.8"
  source_maps:
    description: source_maps
    source: hosted
    version: "0.8.10+3"
  stack_trace:
    description: stack_trace
    source: hosted
    version: "0.8.10+3"
  unittest:
    description: unittest
    source: hosted
    version: "0.8.10+3"
  unmodifiable_collection:
    description: unmodifiable_collection
    source: hosted
    version: "0.8.10+3"
  utf:
    description: utf
    source: hosted
    version: "0.8.10+3"
  uuid:
    description: uuid
    source: hosted
    version: "0.1.6"
