# Generated by pub
# See http://pub.dartlang.org/doc/glossary.html#lockfile
packages:
  muse:
    description:
      path: "../Muse"
      relative: true
    source: path
    version: "0.0.0"
  muse_controller:
    description:
      path: "../MuseController"
      relative: true
    source: path
    version: "0.0.0"
  muse_model:
    description:
      path: "../MuseModel"
      relative: true
    source: path
    version: "0.0.0"
  mustache:
    description: mustache
    source: hosted
    version: "0.1.6"
