# Generated by pub
# See http://pub.dartlang.org/doc/glossary.html#lockfile
packages:
  muse:
    description:
      path: "/Users/ryanhair/Projects/Muse/MuseFramework/../Muse"
      relative: true
    source: path
    version: "0.0.0"
  muse_controller:
    description:
      path: "/Users/ryanhair/Projects/Muse/MuseFramework/../MuseController"
      relative: true
    source: path
    version: "0.0.0"
  muse_model:
    description:
      path: "/Users/ryanhair/Projects/Muse/MuseFramework/../MuseModel"
      relative: true
    source: path
    version: "0.0.0"
  muse_repo:
    description:
      path: "/Users/ryanhair/Projects/Muse/MuseFramework/../MuseRepo"
      relative: true
    source: path
    version: "0.0.0"
  muse_service:
    description:
      path: "/Users/ryanhair/Projects/Muse/MuseFramework/../MuseService"
      relative: true
    source: path
    version: "0.0.0"
