# Generated by pub
# See http://pub.dartlang.org/doc/glossary.html#lockfile
packages:
  bignum:
    description: bignum
    source: hosted
    version: "0.0.5"
  bson:
    description: bson
    source: hosted
    version: "0.1.18"
  cipher:
    description: cipher
    source: hosted
    version: "0.7.1"
  collection:
    description: collection
    source: hosted
    version: "0.9.3+1"
  crypto:
    description: crypto
    source: hosted
    version: "0.9.0"
  fixnum:
    description: fixnum
    source: hosted
    version: "0.9.0"
  logging:
    description: logging
    source: hosted
    version: "0.9.1+1"
  mongo_dart:
    description: mongo_dart
    source: hosted
    version: "0.1.42"
  mongo_dart_query:
    description: mongo_dart_query
    source: hosted
    version: "0.1.12"
  more:
    description: more
    source: hosted
    version: "1.2.1"
  muse_core:
    description:
      path: "../muse_core"
      relative: true
    source: path
    version: "0.1.0"
  uuid:
    description: uuid
    source: hosted
    version: "0.3.2"
